
Microsoft Visual Studio Solution File, Format Version 12.00
# Visual Studio 2012
Project("{FAE04EC0-301F-11D3-BF4B-00C04F79EFBC}") = "SampleSite", "SampleSite\SampleSite.csproj", "{6370CADA-2A2D-461C-8DD2-C328652F573C}"
EndProject
Project("{FAE04EC0-301F-11D3-BF4B-00C04F79EFBC}") = "SampleSite.Tests", "SampleSite.Tests\SampleSite.Tests.csproj", "{C9A9AE12-6136-4235-8A94-3162E3BB8FE8}"
EndProject
Global
	GlobalSection(SolutionConfigurationPlatforms) = preSolution
		Debug|Any CPU = Debug|Any CPU
		Release|Any CPU = Release|Any CPU
	EndGlobalSection
	GlobalSection(ProjectConfigurationPlatforms) = postSolution
		{6370CADA-2A2D-461C-8DD2-C328652F573C}.Debug|Any CPU.ActiveCfg = Debug|Any CPU
		{6370CADA-2A2D-461C-8DD2-C328652F573C}.Debug|Any CPU.Build.0 = Debug|Any CPU
		{6370CADA-2A2D-461C-8DD2-C328652F573C}.Release|Any CPU.ActiveCfg = Release|Any CPU
		{6370CADA-2A2D-461C-8DD2-C328652F573C}.Release|Any CPU.Build.0 = Release|Any CPU
		{C9A9AE12-6136-4235-8A94-3162E3BB8FE8}.Debug|Any CPU.ActiveCfg = Debug|Any CPU
		{C9A9AE12-6136-4235-8A94-3162E3BB8FE8}.Debug|Any CPU.Build.0 = Debug|Any CPU
		{C9A9AE12-6136-4235-8A94-3162E3BB8FE8}.Release|Any CPU.ActiveCfg = Release|Any CPU
		{C9A9AE12-6136-4235-8A94-3162E3BB8FE8}.Release|Any CPU.Build.0 = Release|Any CPU
	EndGlobalSection
	GlobalSection(SolutionProperties) = preSolution
		HideSolutionNode = FALSE
	EndGlobalSection
EndGlobal
